
Microsoft Visual Studio Solution File, Format Version 12.00
# Visual Studio Version 16
VisualStudioVersion = 16.0.29409.12
MinimumVisualStudioVersion = 10.0.40219.1
Project("{FAE04EC0-301F-11D3-BF4B-00C04F79EFBC}") = "LogSearcher", "LogSearcher\LogSearcher.csproj", "{13AAC4E7-C9C4-47A6-A8CD-64F0B4B3186E}"
EndProject
Project("{54435603-DBB4-11D2-8724-00A0C9A8B90C}") = "LogSearcherInstaller", "LogSearcherInstaller\LogSearcherInstaller.vdproj", "{F1E40BED-DC58-4780-A978-067A79029AFD}"
EndProject
Global
	GlobalSection(SolutionConfigurationPlatforms) = preSolution
		Debug|Any CPU = Debug|Any CPU
		Release|Any CPU = Release|Any CPU
	EndGlobalSection
	GlobalSection(ProjectConfigurationPlatforms) = postSolution
		{13AAC4E7-C9C4-47A6-A8CD-64F0B4B3186E}.Debug|Any CPU.ActiveCfg = Debug|Any CPU
		{13AAC4E7-C9C4-47A6-A8CD-64F0B4B3186E}.Debug|Any CPU.Build.0 = Debug|Any CPU
		{13AAC4E7-C9C4-47A6-A8CD-64F0B4B3186E}.Release|Any CPU.ActiveCfg = Release|Any CPU
		{13AAC4E7-C9C4-47A6-A8CD-64F0B4B3186E}.Release|Any CPU.Build.0 = Release|Any CPU
		{F1E40BED-DC58-4780-A978-067A79029AFD}.Debug|Any CPU.ActiveCfg = Debug
		{F1E40BED-DC58-4780-A978-067A79029AFD}.Release|Any CPU.ActiveCfg = Release
	EndGlobalSection
	GlobalSection(SolutionProperties) = preSolution
		HideSolutionNode = FALSE
	EndGlobalSection
	GlobalSection(ExtensibilityGlobals) = postSolution
		SolutionGuid = {6E743904-626B-4462-B0E6-F05D118D3D10}
	EndGlobalSection
EndGlobal
